lockfileVersion: '9.0'

settings:
  autoInstallPeers: true
  excludeLinksFromLockfile: false

importers:

  .:
    dependencies:
      chart.js:
        specifier: ^4.4.7
        version: 4.4.7

packages:

  '@kurkle/color@0.3.4':
    resolution: {integrity: sha512-M5UknZPHRu3DEDWoipU6sE8PdkZ6Z/S+v4dD+Ke8IaNlpdSQah50lz1KtcFBa2vsdOnwbbnxJwVM4wty6udA5w==}

  chart.js@4.4.7:
    resolution: {integrity: sha512-pwkcKfdzTMAU/+jNosKhNL2bHtJc/sSmYgVbuGTEDhzkrhmyihmP7vUc/5ZK9WopidMDHNe3Wm7jOd/WhuHWuw==}
    engines: {pnpm: '>=8'}

snapshots:

  '@kurkle/color@0.3.4': {}

  chart.js@4.4.7:
    dependencies:
      '@kurkle/color': 0.3.4
